
Microsoft Visual Studio Solution File, Format Version 12.00
# Visual Studio Version 16
VisualStudioVersion = 16.0.30907.101
MinimumVisualStudioVersion = 10.0.40219.1
Project("{9A19103F-16F7-4668-BE54-9A1E7A4F7556}") = "Business", "Business\Business.csproj", "{38A2ECD2-6E51-4AB6-BBEE-7433C68B050F}"
EndProject
Project("{9A19103F-16F7-4668-BE54-9A1E7A4F7556}") = "DataAccess", "DataAccess\DataAccess.csproj", "{FF9DBB68-3B2A-4281-813C-0AF381C36474}"
	ProjectSection(ProjectDependencies) = postProject
		{9E539A53-FE92-4E0E-946B-5F18786966B4} = {9E539A53-FE92-4E0E-946B-5F18786966B4}
	EndProjectSection
EndProject
Project("{9A19103F-16F7-4668-BE54-9A1E7A4F7556}") = "Entities", "Entities\Entities.csproj", "{B53669FD-9AD4-4D11-B72F-831A83DFF11B}"
EndProject
Project("{9A19103F-16F7-4668-BE54-9A1E7A4F7556}") = "ConsoleUI", "ConsoleUI\ConsoleUI.csproj", "{500B9068-8CE2-495A-8919-D3780CF7CBF5}"
EndProject
Project("{9A19103F-16F7-4668-BE54-9A1E7A4F7556}") = "Core", "Core\Core.csproj", "{9E539A53-FE92-4E0E-946B-5F18786966B4}"
EndProject
Project("{9A19103F-16F7-4668-BE54-9A1E7A4F7556}") = "WebAPI", "WebAPI\WebAPI.csproj", "{20A32ACB-536B-40FE-9703-61F2835BFF85}"
EndProject
Project("{2150E333-8FDC-42A3-9474-1A3956D46DE8}") = "Images", "Images", "{F83FCD7B-4BDA-4128-A5D9-C7FA305D6F57}"
EndProject
Global
	GlobalSection(SolutionConfigurationPlatforms) = preSolution
		Debug|Any CPU = Debug|Any CPU
		Release|Any CPU = Release|Any CPU
	EndGlobalSection
	GlobalSection(ProjectConfigurationPlatforms) = postSolution
		{38A2ECD2-6E51-4AB6-BBEE-7433C68B050F}.Debug|Any CPU.ActiveCfg = Debug|Any CPU
		{38A2ECD2-6E51-4AB6-BBEE-7433C68B050F}.Debug|Any CPU.Build.0 = Debug|Any CPU
		{38A2ECD2-6E51-4AB6-BBEE-7433C68B050F}.Release|Any CPU.ActiveCfg = Release|Any CPU
		{38A2ECD2-6E51-4AB6-BBEE-7433C68B050F}.Release|Any CPU.Build.0 = Release|Any CPU
		{FF9DBB68-3B2A-4281-813C-0AF381C36474}.Debug|Any CPU.ActiveCfg = Debug|Any CPU
		{FF9DBB68-3B2A-4281-813C-0AF381C36474}.Debug|Any CPU.Build.0 = Debug|Any CPU
		{FF9DBB68-3B2A-4281-813C-0AF381C36474}.Release|Any CPU.ActiveCfg = Release|Any CPU
		{FF9DBB68-3B2A-4281-813C-0AF381C36474}.Release|Any CPU.Build.0 = Release|Any CPU
		{B53669FD-9AD4-4D11-B72F-831A83DFF11B}.Debug|Any CPU.ActiveCfg = Debug|Any CPU
		{B53669FD-9AD4-4D11-B72F-831A83DFF11B}.Debug|Any CPU.Build.0 = Debug|Any CPU
		{B53669FD-9AD4-4D11-B72F-831A83DFF11B}.Release|Any CPU.ActiveCfg = Release|Any CPU
		{B53669FD-9AD4-4D11-B72F-831A83DFF11B}.Release|Any CPU.Build.0 = Release|Any CPU
		{500B9068-8CE2-495A-8919-D3780CF7CBF5}.Debug|Any CPU.ActiveCfg = Debug|Any CPU
		{500B9068-8CE2-495A-8919-D3780CF7CBF5}.Debug|Any CPU.Build.0 = Debug|Any CPU
		{500B9068-8CE2-495A-8919-D3780CF7CBF5}.Release|Any CPU.ActiveCfg = Release|Any CPU
		{500B9068-8CE2-495A-8919-D3780CF7CBF5}.Release|Any CPU.Build.0 = Release|Any CPU
		{9E539A53-FE92-4E0E-946B-5F18786966B4}.Debug|Any CPU.ActiveCfg = Debug|Any CPU
		{9E539A53-FE92-4E0E-946B-5F18786966B4}.Debug|Any CPU.Build.0 = Debug|Any CPU
		{9E539A53-FE92-4E0E-946B-5F18786966B4}.Release|Any CPU.ActiveCfg = Release|Any CPU
		{9E539A53-FE92-4E0E-946B-5F18786966B4}.Release|Any CPU.Build.0 = Release|Any CPU
		{20A32ACB-536B-40FE-9703-61F2835BFF85}.Debug|Any CPU.ActiveCfg = Debug|Any CPU
		{20A32ACB-536B-40FE-9703-61F2835BFF85}.Debug|Any CPU.Build.0 = Debug|Any CPU
		{20A32ACB-536B-40FE-9703-61F2835BFF85}.Release|Any CPU.ActiveCfg = Release|Any CPU
		{20A32ACB-536B-40FE-9703-61F2835BFF85}.Release|Any CPU.Build.0 = Release|Any CPU
	EndGlobalSection
	GlobalSection(SolutionProperties) = preSolution
		HideSolutionNode = FALSE
	EndGlobalSection
	GlobalSection(ExtensibilityGlobals) = postSolution
		SolutionGuid = {0CCDE214-F7F9-453B-8876-222F70611E46}
	EndGlobalSection
EndGlobal
